
Microsoft Visual Studio Solution File, Format Version 12.00
# Visual Studio 15
VisualStudioVersion = 15.0.28307.779
MinimumVisualStudioVersion = 10.0.40219.1
Project("{FAE04EC0-301F-11D3-BF4B-00C04F79EFBC}") = "MPIntranetWeb", "MPIntranetWeb\MPIntranetWeb.csproj", "{6AD09EAF-29D6-463E-9186-503ED71EF651}"
EndProject
Project("{FAE04EC0-301F-11D3-BF4B-00C04F79EFBC}") = "MPIntranet.Models", "MPIntranet.Models\MPIntranet.Models.csproj", "{FECD5686-E3F2-4EFF-BA4D-88A23A4EA08A}"
EndProject
Project("{FAE04EC0-301F-11D3-BF4B-00C04F79EFBC}") = "MPIntranet.Security", "MPIntranet.Security\MPIntranet.Security.csproj", "{F0EE822B-D724-4E2A-838E-7DC4B196755A}"
EndProject
Project("{FAE04EC0-301F-11D3-BF4B-00C04F79EFBC}") = "MPIntranet.DataAccess", "MPIntranet.DataAccess\MPIntranet.DataAccess.csproj", "{538B2AE1-3D24-442F-81FB-0729EE581CC1}"
EndProject
Project("{FAE04EC0-301F-11D3-BF4B-00C04F79EFBC}") = "MPIntranet.Entities", "MPIntranet.Entities\MPIntranet.Entities.csproj", "{055D9B2D-98FD-417E-AB6A-970203561B5C}"
EndProject
Project("{FAE04EC0-301F-11D3-BF4B-00C04F79EFBC}") = "MPIntranet.Business", "MPIntranet.Business\MPIntranet.Business.csproj", "{11EE71D3-C51C-4B99-A5C9-431099326DA7}"
EndProject
Project("{FAE04EC0-301F-11D3-BF4B-00C04F79EFBC}") = "MPIntranet.Helpers", "MPIntranet.Helpers\MPIntranet.Helpers.csproj", "{95B32CAE-042B-4BF3-984E-617B9397C8CE}"
EndProject
Project("{FAE04EC0-301F-11D3-BF4B-00C04F79EFBC}") = "MPIntranet.Common", "MPIntranet.Common\MPIntranet.Common.csproj", "{155D5AB0-E518-4B0C-AA8E-EB3BE7C16F85}"
EndProject
Project("{FAE04EC0-301F-11D3-BF4B-00C04F79EFBC}") = "DisegnaDiBa", "DisegnaDiBa\DisegnaDiBa.csproj", "{9DA2985A-AAD1-4C0D-BEAD-251438C93AF7}"
EndProject
Project("{FAE04EC0-301F-11D3-BF4B-00C04F79EFBC}") = "VerificaPianificazione", "VerificaPianificazione\VerificaPianificazione.csproj", "{F5C49B87-B3C8-4BFC-8D2B-EDDBB2D5E8C9}"
EndProject
Project("{FAE04EC0-301F-11D3-BF4B-00C04F79EFBC}") = "MPIntranet.WS", "MPIntranet.WS\MPIntranet.WS.csproj", "{0BC7BD1F-5435-4332-84FA-89AD5FE60FF6}"
EndProject
Project("{FAE04EC0-301F-11D3-BF4B-00C04F79EFBC}") = "TestWebServicesFrm", "TestWebServicesFrm\TestWebServicesFrm.csproj", "{E0FAC335-090D-4AC3-B635-2C5FD385247F}"
EndProject
Global
	GlobalSection(SolutionConfigurationPlatforms) = preSolution
		Debug|Any CPU = Debug|Any CPU
		Release|Any CPU = Release|Any CPU
	EndGlobalSection
	GlobalSection(ProjectConfigurationPlatforms) = postSolution
		{6AD09EAF-29D6-463E-9186-503ED71EF651}.Debug|Any CPU.ActiveCfg = Debug|Any CPU
		{6AD09EAF-29D6-463E-9186-503ED71EF651}.Debug|Any CPU.Build.0 = Debug|Any CPU
		{6AD09EAF-29D6-463E-9186-503ED71EF651}.Release|Any CPU.ActiveCfg = Release|Any CPU
		{6AD09EAF-29D6-463E-9186-503ED71EF651}.Release|Any CPU.Build.0 = Release|Any CPU
		{FECD5686-E3F2-4EFF-BA4D-88A23A4EA08A}.Debug|Any CPU.ActiveCfg = Debug|Any CPU
		{FECD5686-E3F2-4EFF-BA4D-88A23A4EA08A}.Debug|Any CPU.Build.0 = Debug|Any CPU
		{FECD5686-E3F2-4EFF-BA4D-88A23A4EA08A}.Release|Any CPU.ActiveCfg = Release|Any CPU
		{FECD5686-E3F2-4EFF-BA4D-88A23A4EA08A}.Release|Any CPU.Build.0 = Release|Any CPU
		{F0EE822B-D724-4E2A-838E-7DC4B196755A}.Debug|Any CPU.ActiveCfg = Debug|Any CPU
		{F0EE822B-D724-4E2A-838E-7DC4B196755A}.Debug|Any CPU.Build.0 = Debug|Any CPU
		{F0EE822B-D724-4E2A-838E-7DC4B196755A}.Release|Any CPU.ActiveCfg = Release|Any CPU
		{F0EE822B-D724-4E2A-838E-7DC4B196755A}.Release|Any CPU.Build.0 = Release|Any CPU
		{538B2AE1-3D24-442F-81FB-0729EE581CC1}.Debug|Any CPU.ActiveCfg = Debug|Any CPU
		{538B2AE1-3D24-442F-81FB-0729EE581CC1}.Debug|Any CPU.Build.0 = Debug|Any CPU
		{538B2AE1-3D24-442F-81FB-0729EE581CC1}.Release|Any CPU.ActiveCfg = Release|Any CPU
		{538B2AE1-3D24-442F-81FB-0729EE581CC1}.Release|Any CPU.Build.0 = Release|Any CPU
		{055D9B2D-98FD-417E-AB6A-970203561B5C}.Debug|Any CPU.ActiveCfg = Debug|Any CPU
		{055D9B2D-98FD-417E-AB6A-970203561B5C}.Debug|Any CPU.Build.0 = Debug|Any CPU
		{055D9B2D-98FD-417E-AB6A-970203561B5C}.Release|Any CPU.ActiveCfg = Release|Any CPU
		{055D9B2D-98FD-417E-AB6A-970203561B5C}.Release|Any CPU.Build.0 = Release|Any CPU
		{11EE71D3-C51C-4B99-A5C9-431099326DA7}.Debug|Any CPU.ActiveCfg = Debug|Any CPU
		{11EE71D3-C51C-4B99-A5C9-431099326DA7}.Debug|Any CPU.Build.0 = Debug|Any CPU
		{11EE71D3-C51C-4B99-A5C9-431099326DA7}.Release|Any CPU.ActiveCfg = Release|Any CPU
		{11EE71D3-C51C-4B99-A5C9-431099326DA7}.Release|Any CPU.Build.0 = Release|Any CPU
		{95B32CAE-042B-4BF3-984E-617B9397C8CE}.Debug|Any CPU.ActiveCfg = Debug|Any CPU
		{95B32CAE-042B-4BF3-984E-617B9397C8CE}.Debug|Any CPU.Build.0 = Debug|Any CPU
		{95B32CAE-042B-4BF3-984E-617B9397C8CE}.Release|Any CPU.ActiveCfg = Release|Any CPU
		{95B32CAE-042B-4BF3-984E-617B9397C8CE}.Release|Any CPU.Build.0 = Release|Any CPU
		{155D5AB0-E518-4B0C-AA8E-EB3BE7C16F85}.Debug|Any CPU.ActiveCfg = Debug|Any CPU
		{155D5AB0-E518-4B0C-AA8E-EB3BE7C16F85}.Debug|Any CPU.Build.0 = Debug|Any CPU
		{155D5AB0-E518-4B0C-AA8E-EB3BE7C16F85}.Release|Any CPU.ActiveCfg = Release|Any CPU
		{155D5AB0-E518-4B0C-AA8E-EB3BE7C16F85}.Release|Any CPU.Build.0 = Release|Any CPU
		{9DA2985A-AAD1-4C0D-BEAD-251438C93AF7}.Debug|Any CPU.ActiveCfg = Debug|Any CPU
		{9DA2985A-AAD1-4C0D-BEAD-251438C93AF7}.Debug|Any CPU.Build.0 = Debug|Any CPU
		{9DA2985A-AAD1-4C0D-BEAD-251438C93AF7}.Release|Any CPU.ActiveCfg = Release|Any CPU
		{9DA2985A-AAD1-4C0D-BEAD-251438C93AF7}.Release|Any CPU.Build.0 = Release|Any CPU
		{F5C49B87-B3C8-4BFC-8D2B-EDDBB2D5E8C9}.Debug|Any CPU.ActiveCfg = Debug|Any CPU
		{F5C49B87-B3C8-4BFC-8D2B-EDDBB2D5E8C9}.Debug|Any CPU.Build.0 = Debug|Any CPU
		{F5C49B87-B3C8-4BFC-8D2B-EDDBB2D5E8C9}.Release|Any CPU.ActiveCfg = Release|Any CPU
		{F5C49B87-B3C8-4BFC-8D2B-EDDBB2D5E8C9}.Release|Any CPU.Build.0 = Release|Any CPU
		{0BC7BD1F-5435-4332-84FA-89AD5FE60FF6}.Debug|Any CPU.ActiveCfg = Debug|Any CPU
		{0BC7BD1F-5435-4332-84FA-89AD5FE60FF6}.Debug|Any CPU.Build.0 = Debug|Any CPU
		{0BC7BD1F-5435-4332-84FA-89AD5FE60FF6}.Release|Any CPU.ActiveCfg = Release|Any CPU
		{0BC7BD1F-5435-4332-84FA-89AD5FE60FF6}.Release|Any CPU.Build.0 = Release|Any CPU
		{E0FAC335-090D-4AC3-B635-2C5FD385247F}.Debug|Any CPU.ActiveCfg = Debug|Any CPU
		{E0FAC335-090D-4AC3-B635-2C5FD385247F}.Debug|Any CPU.Build.0 = Debug|Any CPU
		{E0FAC335-090D-4AC3-B635-2C5FD385247F}.Release|Any CPU.ActiveCfg = Release|Any CPU
		{E0FAC335-090D-4AC3-B635-2C5FD385247F}.Release|Any CPU.Build.0 = Release|Any CPU
	EndGlobalSection
	GlobalSection(SolutionProperties) = preSolution
		HideSolutionNode = FALSE
	EndGlobalSection
	GlobalSection(ExtensibilityGlobals) = postSolution
		SolutionGuid = {FFF8ED34-9FEB-4346-ACCB-BBE8AAB472BB}
	EndGlobalSection
EndGlobal
